
Microsoft Visual Studio Solution File, Format Version 12.00
# Visual Studio Version 17
VisualStudioVersion = 17.3.32929.385
MinimumVisualStudioVersion = 10.0.40219.1
Project("{8BC9CEB8-8B4A-11D0-8D11-00A0C91BC942}") = "loop", "loop\loop.vcxproj", "{23B87328-39B4-4C5F-945E-B76188ADC0E9}"
EndProject
Global
	GlobalSection(SolutionConfigurationPlatforms) = preSolution
		Debug|x64 = Debug|x64
		Debug|x86 = Debug|x86
		Release|x64 = Release|x64
		Release|x86 = Release|x86
	EndGlobalSection
	GlobalSection(ProjectConfigurationPlatforms) = postSolution
		{23B87328-39B4-4C5F-945E-B76188ADC0E9}.Debug|x64.ActiveCfg = Debug|x64
		{23B87328-39B4-4C5F-945E-B76188ADC0E9}.Debug|x64.Build.0 = Debug|x64
		{23B87328-39B4-4C5F-945E-B76188ADC0E9}.Debug|x86.ActiveCfg = Debug|Win32
		{23B87328-39B4-4C5F-945E-B76188ADC0E9}.Debug|x86.Build.0 = Debug|Win32
		{23B87328-39B4-4C5F-945E-B76188ADC0E9}.Release|x64.ActiveCfg = Release|x64
		{23B87328-39B4-4C5F-945E-B76188ADC0E9}.Release|x64.Build.0 = Release|x64
		{23B87328-39B4-4C5F-945E-B76188ADC0E9}.Release|x86.ActiveCfg = Release|Win32
		{23B87328-39B4-4C5F-945E-B76188ADC0E9}.Release|x86.Build.0 = Release|Win32
	EndGlobalSection
	GlobalSection(SolutionProperties) = preSolution
		HideSolutionNode = FALSE
	EndGlobalSection
	GlobalSection(ExtensibilityGlobals) = postSolution
		SolutionGuid = {FDDB11EB-0B80-4BAE-A5AA-8C4881589126}
	EndGlobalSection
EndGlobal
